
Microsoft Visual Studio Solution File, Format Version 12.00
# Visual Studio 15
VisualStudioVersion = 15.0.27703.2042
MinimumVisualStudioVersion = 10.0.40219.1
Project("{FAE04EC0-301F-11D3-BF4B-00C04F79EFBC}") = "EMH-Blog-Redirects", "EMH-Blog-Redirects\EMH-Blog-Redirects.csproj", "{A53C56CA-90A6-4D3B-A601-F7D8527E4F9B}"
EndProject
Global
	GlobalSection(SolutionConfigurationPlatforms) = preSolution
		Debug|Any CPU = Debug|Any CPU
		Release|Any CPU = Release|Any CPU
	EndGlobalSection
	GlobalSection(ProjectConfigurationPlatforms) = postSolution
		{A53C56CA-90A6-4D3B-A601-F7D8527E4F9B}.Debug|Any CPU.ActiveCfg = Debug|Any CPU
		{A53C56CA-90A6-4D3B-A601-F7D8527E4F9B}.Debug|Any CPU.Build.0 = Debug|Any CPU
		{A53C56CA-90A6-4D3B-A601-F7D8527E4F9B}.Release|Any CPU.ActiveCfg = Release|Any CPU
		{A53C56CA-90A6-4D3B-A601-F7D8527E4F9B}.Release|Any CPU.Build.0 = Release|Any CPU
	EndGlobalSection
	GlobalSection(SolutionProperties) = preSolution
		HideSolutionNode = FALSE
	EndGlobalSection
	GlobalSection(ExtensibilityGlobals) = postSolution
		SolutionGuid = {E6722D0A-1BFC-40A6-BF09-11DC19EFED09}
	EndGlobalSection
EndGlobal
